
Microsoft Visual Studio Solution File, Format Version 12.00
# Visual Studio 2013
VisualStudioVersion = 12.0.31101.0
MinimumVisualStudioVersion = 10.0.40219.1
Project("{2150E333-8FDC-42A3-9474-1A3956D46DE8}") = "Native", "Native", "{DE1CDBFF-9EBC-42B2-97CB-F4E4C0E56F22}"
EndProject
Project("{8BC9CEB8-8B4A-11D0-8D11-00A0C91BC942}") = "DwriteCairo", "Native\DwriteCairo\DwriteCairo.vcxproj", "{0EA56A4F-C692-4BD5-9D77-78587C70A618}"
EndProject
Project("{FAE04EC0-301F-11D3-BF4B-00C04F79EFBC}") = "DWriteCairoDemo", "DwriteCairoDemo\DWriteCairoDemo.csproj", "{F749572F-A374-4B26-B24D-7CC29DD4E615}"
EndProject
Project("{FAE04EC0-301F-11D3-BF4B-00C04F79EFBC}") = "DwriteCairo", "DwriteCairo\DwriteCairo.csproj", "{233143AD-EDF8-49C4-B69D-2D1EBF58B82E}"
	ProjectSection(ProjectDependencies) = postProject
		{0EA56A4F-C692-4BD5-9D77-78587C70A618} = {0EA56A4F-C692-4BD5-9D77-78587C70A618}
	EndProjectSection
EndProject
Project("{FAE04EC0-301F-11D3-BF4B-00C04F79EFBC}") = "DwriteCairoDemo_DoubleBuffered", "DwriteCairoDemo_DoubleBuffered\DwriteCairoDemo_DoubleBuffered.csproj", "{FC4016E2-0149-4E23-8B1A-C443DACB8454}"
EndProject
Project("{FAE04EC0-301F-11D3-BF4B-00C04F79EFBC}") = "DWriteCairoTest", "DWriteCairoTest\DWriteCairoTest.csproj", "{19FE813D-6896-451C-90F0-A7C271A8731A}"
EndProject
Global
	GlobalSection(SolutionConfigurationPlatforms) = preSolution
		Debug|x86 = Debug|x86
		Release|x86 = Release|x86
	EndGlobalSection
	GlobalSection(ProjectConfigurationPlatforms) = postSolution
		{0EA56A4F-C692-4BD5-9D77-78587C70A618}.Debug|x86.ActiveCfg = Debug|Win32
		{0EA56A4F-C692-4BD5-9D77-78587C70A618}.Debug|x86.Build.0 = Debug|Win32
		{0EA56A4F-C692-4BD5-9D77-78587C70A618}.Release|x86.ActiveCfg = Release|Win32
		{0EA56A4F-C692-4BD5-9D77-78587C70A618}.Release|x86.Build.0 = Release|Win32
		{F749572F-A374-4B26-B24D-7CC29DD4E615}.Debug|x86.ActiveCfg = Debug|x86
		{F749572F-A374-4B26-B24D-7CC29DD4E615}.Debug|x86.Build.0 = Debug|x86
		{F749572F-A374-4B26-B24D-7CC29DD4E615}.Release|x86.ActiveCfg = Release|x86
		{F749572F-A374-4B26-B24D-7CC29DD4E615}.Release|x86.Build.0 = Release|x86
		{233143AD-EDF8-49C4-B69D-2D1EBF58B82E}.Debug|x86.ActiveCfg = Debug|x86
		{233143AD-EDF8-49C4-B69D-2D1EBF58B82E}.Debug|x86.Build.0 = Debug|x86
		{233143AD-EDF8-49C4-B69D-2D1EBF58B82E}.Release|x86.ActiveCfg = Release|x86
		{233143AD-EDF8-49C4-B69D-2D1EBF58B82E}.Release|x86.Build.0 = Release|x86
		{FC4016E2-0149-4E23-8B1A-C443DACB8454}.Debug|x86.ActiveCfg = Debug|x86
		{FC4016E2-0149-4E23-8B1A-C443DACB8454}.Debug|x86.Build.0 = Debug|x86
		{FC4016E2-0149-4E23-8B1A-C443DACB8454}.Release|x86.ActiveCfg = Release|x86
		{FC4016E2-0149-4E23-8B1A-C443DACB8454}.Release|x86.Build.0 = Release|x86
		{19FE813D-6896-451C-90F0-A7C271A8731A}.Debug|x86.ActiveCfg = Debug|x86
		{19FE813D-6896-451C-90F0-A7C271A8731A}.Debug|x86.Build.0 = Debug|x86
		{19FE813D-6896-451C-90F0-A7C271A8731A}.Release|x86.ActiveCfg = Release|x86
		{19FE813D-6896-451C-90F0-A7C271A8731A}.Release|x86.Build.0 = Release|x86
	EndGlobalSection
	GlobalSection(SolutionProperties) = preSolution
		HideSolutionNode = FALSE
	EndGlobalSection
	GlobalSection(NestedProjects) = preSolution
		{0EA56A4F-C692-4BD5-9D77-78587C70A618} = {DE1CDBFF-9EBC-42B2-97CB-F4E4C0E56F22}
	EndGlobalSection
	GlobalSection(Performance) = preSolution
		HasPerformanceSessions = true
	EndGlobalSection
EndGlobal
